
Microsoft Visual Studio Solution File, Format Version 12.00
# Visual Studio Version 17
VisualStudioVersion = 17.2.32526.322
MinimumVisualStudioVersion = 10.0.40219.1
Project("{FAE04EC0-301F-11D3-BF4B-00C04F79EFBC}") = "LoopTest", "LoopTest.csproj", "{84A0117A-C12B-4D38-A5CE-5696BCC1F21A}"
EndProject
Global
	GlobalSection(SolutionConfigurationPlatforms) = preSolution
		Debug|Any CPU = Debug|Any CPU
		Release|Any CPU = Release|Any CPU
	EndGlobalSection
	GlobalSection(ProjectConfigurationPlatforms) = postSolution
		{84A0117A-C12B-4D38-A5CE-5696BCC1F21A}.Debug|Any CPU.ActiveCfg = Debug|Any CPU
		{84A0117A-C12B-4D38-A5CE-5696BCC1F21A}.Debug|Any CPU.Build.0 = Debug|Any CPU
		{84A0117A-C12B-4D38-A5CE-5696BCC1F21A}.Release|Any CPU.ActiveCfg = Release|Any CPU
		{84A0117A-C12B-4D38-A5CE-5696BCC1F21A}.Release|Any CPU.Build.0 = Release|Any CPU
	EndGlobalSection
	GlobalSection(SolutionProperties) = preSolution
		HideSolutionNode = FALSE
	EndGlobalSection
	GlobalSection(ExtensibilityGlobals) = postSolution
		SolutionGuid = {09FA6A7D-85D7-4269-AE4A-F5606158C514}
	EndGlobalSection
EndGlobal
